
Microsoft Visual Studio Solution File, Format Version 12.00
# Visual Studio Version 17
VisualStudioVersion = 17.11.35327.3
MinimumVisualStudioVersion = 10.0.40219.1
Project("{9A19103F-16F7-4668-BE54-9A1E7A4F7556}") = "PracticeBlazor.API", "PracticeBlazor.API\PracticeBlazor.API.csproj", "{4CAC5A4B-116D-4E77-B811-471C277706A0}"
EndProject
Project("{9A19103F-16F7-4668-BE54-9A1E7A4F7556}") = "PracticeBlazor.DTOs", "PracticeBlazor.DTOs\PracticeBlazor.DTOs.csproj", "{BB03A212-F07E-4A56-A76E-B6E75E083145}"
EndProject
Project("{9A19103F-16F7-4668-BE54-9A1E7A4F7556}") = "PracticeBlazor.WebBlazor", "PracticeBlazor.WebBlazor\PracticeBlazor.WebBlazor.csproj", "{CC12B798-7839-44AB-BF7A-A579EB541E5D}"
EndProject
Global
	GlobalSection(SolutionConfigurationPlatforms) = preSolution
		Debug|Any CPU = Debug|Any CPU
		Release|Any CPU = Release|Any CPU
	EndGlobalSection
	GlobalSection(ProjectConfigurationPlatforms) = postSolution
		{4CAC5A4B-116D-4E77-B811-471C277706A0}.Debug|Any CPU.ActiveCfg = Debug|Any CPU
		{4CAC5A4B-116D-4E77-B811-471C277706A0}.Debug|Any CPU.Build.0 = Debug|Any CPU
		{4CAC5A4B-116D-4E77-B811-471C277706A0}.Release|Any CPU.ActiveCfg = Release|Any CPU
		{4CAC5A4B-116D-4E77-B811-471C277706A0}.Release|Any CPU.Build.0 = Release|Any CPU
		{BB03A212-F07E-4A56-A76E-B6E75E083145}.Debug|Any CPU.ActiveCfg = Debug|Any CPU
		{BB03A212-F07E-4A56-A76E-B6E75E083145}.Debug|Any CPU.Build.0 = Debug|Any CPU
		{BB03A212-F07E-4A56-A76E-B6E75E083145}.Release|Any CPU.ActiveCfg = Release|Any CPU
		{BB03A212-F07E-4A56-A76E-B6E75E083145}.Release|Any CPU.Build.0 = Release|Any CPU
		{CC12B798-7839-44AB-BF7A-A579EB541E5D}.Debug|Any CPU.ActiveCfg = Debug|Any CPU
		{CC12B798-7839-44AB-BF7A-A579EB541E5D}.Debug|Any CPU.Build.0 = Debug|Any CPU
		{CC12B798-7839-44AB-BF7A-A579EB541E5D}.Release|Any CPU.ActiveCfg = Release|Any CPU
		{CC12B798-7839-44AB-BF7A-A579EB541E5D}.Release|Any CPU.Build.0 = Release|Any CPU
	EndGlobalSection
	GlobalSection(SolutionProperties) = preSolution
		HideSolutionNode = FALSE
	EndGlobalSection
	GlobalSection(ExtensibilityGlobals) = postSolution
		SolutionGuid = {A2D0F15C-35E0-4712-A2A7-EF8A0A5F7ACB}
	EndGlobalSection
EndGlobal
